<?xml version="1.0" encoding="utf-8"?>
<Project ToolsVersion="4.0" xmlns="http://schemas.microsoft.com/developer/msbuild/2003">
  <ItemGroup>
    <Filter Include="Resource Files">
      <UniqueIdentifier>{67DA6AB6-F800-4c08-8B7A-83BB121AAD01}</UniqueIdentifier>
      <Extensions>rc;ico;cur;bmp;dlg;rc2;rct;bin;rgs;gif;jpg;jpeg;jpe;resx;tiff;tif;png;wav;mfcribbon-ms</Extensions>
    </Filter>
    <Filter Include="Emulator Support">
      <UniqueIdentifier>{0307496b-f0c2-41ef-9bc8-baec31f23292}</UniqueIdentifier>
    </Filter>
    <Filter Include="CPUs">
      <UniqueIdentifier>{6c8a1589-3062-4369-bcc9-49ff59b148a7}</UniqueIdentifier>
    </Filter>
    <Filter Include="VDPs">
      <UniqueIdentifier>{2ae2bb70-c6cf-4446-b8c7-32a97e6444ff}</UniqueIdentifier>
    </Filter>
    <Filter Include="PSGs">
      <UniqueIdentifier>{f15caa34-ef34-42d0-a4f1-6eaac15baa80}</UniqueIdentifier>
    </Filter>
    <Filter Include="Disk">
      <UniqueIdentifier>{02e4b97c-d2f9-4e37-bac6-147769611ba8}</UniqueIdentifier>
    </Filter>
    <Filter Include="Keyboard">
      <UniqueIdentifier>{e6029769-d051-403e-914e-e676fc1e94b9}</UniqueIdentifier>
    </Filter>
    <Filter Include="Expansions">
      <UniqueIdentifier>{b6347363-073e-4b2e-81f7-2ae0ac1e81b5}</UniqueIdentifier>
    </Filter>
    <Filter Include="Systems">
      <UniqueIdentifier>{5172dbe1-a2c9-4f98-b8b1-c07285ad8104}</UniqueIdentifier>
    </Filter>
    <Filter Include="Systems\Coleco">
      <UniqueIdentifier>{6f65f8ad-1113-4040-9c02-8c782ff48b33}</UniqueIdentifier>
    </Filter>
    <Filter Include="Systems\Texas Instruments">
      <UniqueIdentifier>{5520cf39-e9c6-4991-b0f7-16d6c26eb782}</UniqueIdentifier>
    </Filter>
    <Filter Include="Memories">
      <UniqueIdentifier>{e9b50e28-fc47-4835-a81e-7f9f072deef3}</UniqueIdentifier>
    </Filter>
  </ItemGroup>
  <ItemGroup>
    <ClInclude Include="EmulatorSupport\Classic99v4.h">
      <Filter>Emulator Support</Filter>
    </ClInclude>
    <ClInclude Include="Resource.h">
      <Filter>Emulator Support</Filter>
    </ClInclude>
    <ClInclude Include="targetver.h">
      <Filter>Emulator Support</Filter>
    </ClInclude>
    <ClInclude Include="EmulatorSupport\System.h">
      <Filter>Emulator Support</Filter>
    </ClInclude>
    <ClInclude Include="EmulatorSupport\peripheral.h">
      <Filter>Emulator Support</Filter>
    </ClInclude>
    <ClInclude Include="CPUs\tms9900.h">
      <Filter>CPUs</Filter>
    </ClInclude>
    <ClInclude Include="EmulatorSupport\debuglog.h">
      <Filter>Emulator Support</Filter>
    </ClInclude>
    <ClInclude Include="EmulatorSupport\tv.h">
      <Filter>Emulator Support</Filter>
    </ClInclude>
    <ClInclude Include="EmulatorSupport\automutex.h">
      <Filter>Emulator Support</Filter>
    </ClInclude>
    <ClInclude Include="EmulatorSupport\autobitmap.h">
      <Filter>Emulator Support</Filter>
    </ClInclude>
    <ClInclude Include="VDPs\TMS9918.h">
      <Filter>VDPs</Filter>
    </ClInclude>
    <ClInclude Include="EmulatorSupport\interestingData.h">
      <Filter>Emulator Support</Filter>
    </ClInclude>
    <ClInclude Include="Memories\TI994GROM.h">
      <Filter>Memories</Filter>
    </ClInclude>
    <ClInclude Include="Memories\TI994ROM.h">
      <Filter>Memories</Filter>
    </ClInclude>
    <ClInclude Include="Memories\Classic99GROM.h">
      <Filter>Memories</Filter>
    </ClInclude>
    <ClInclude Include="Systems\TexasInstruments\TI994.h">
      <Filter>Systems\Texas Instruments</Filter>
    </ClInclude>
    <ClInclude Include="Memories\TI994Scratchpad.h">
      <Filter>Memories</Filter>
    </ClInclude>
    <ClInclude Include="VDPs\F18A_19.h">
      <Filter>VDPs</Filter>
    </ClInclude>
    <ClInclude Include="VDPs\TMS9918A.h">
      <Filter>VDPs</Filter>
    </ClInclude>
    <ClInclude Include="Keyboard\kb_994.h">
      <Filter>Keyboard</Filter>
    </ClInclude>
    <ClInclude Include="Keyboard\kb_994A.h">
      <Filter>Keyboard</Filter>
    </ClInclude>
    <ClInclude Include="Memories\TI994AGROM.h">
      <Filter>Memories</Filter>
    </ClInclude>
    <ClInclude Include="Memories\TI994AROM.h">
      <Filter>Memories</Filter>
    </ClInclude>
    <ClInclude Include="Memories\Classic99ROM.h">
      <Filter>Memories</Filter>
    </ClInclude>
  </ItemGroup>
  <ItemGroup>
    <ResourceCompile Include="Classic99v4.rc">
      <Filter>Resource Files</Filter>
    </ResourceCompile>
  </ItemGroup>
  <ItemGroup>
    <Image Include="Classic99v4.ico">
      <Filter>Resource Files</Filter>
    </Image>
  </ItemGroup>
  <ItemGroup>
    <ClCompile Include="EmulatorSupport\Classic99v4.cpp">
      <Filter>Emulator Support</Filter>
    </ClCompile>
    <ClCompile Include="VDPs\TMS9918.cpp">
      <Filter>VDPs</Filter>
    </ClCompile>
    <ClCompile Include="VDPs\TMS9918A.cpp">
      <Filter>VDPs</Filter>
    </ClCompile>
    <ClCompile Include="VDPs\F18A_19.cpp">
      <Filter>VDPs</Filter>
    </ClCompile>
    <ClCompile Include="Systems\Coleco\ColecoVision.cpp">
      <Filter>Systems\Coleco</Filter>
    </ClCompile>
    <ClCompile Include="Systems\Coleco\Phoenix.cpp">
      <Filter>Systems\Coleco</Filter>
    </ClCompile>
    <ClCompile Include="Systems\TexasInstruments\TI994.cpp">
      <Filter>Systems\Texas Instruments</Filter>
    </ClCompile>
    <ClCompile Include="Systems\TexasInstruments\TI994A.cpp">
      <Filter>Systems\Texas Instruments</Filter>
    </ClCompile>
    <ClCompile Include="Systems\TexasInstruments\TI994A_22.cpp">
      <Filter>Systems\Texas Instruments</Filter>
    </ClCompile>
    <ClCompile Include="VDPs\V9938.cpp">
      <Filter>VDPs</Filter>
    </ClCompile>
    <ClCompile Include="EmulatorSupport\System.cpp">
      <Filter>Emulator Support</Filter>
    </ClCompile>
    <ClCompile Include="EmulatorSupport\peripheral.cpp">
      <Filter>Emulator Support</Filter>
    </ClCompile>
    <ClCompile Include="CPUs\tms9900.cpp">
      <Filter>CPUs</Filter>
    </ClCompile>
    <ClCompile Include="EmulatorSupport\debuglog.cpp">
      <Filter>Emulator Support</Filter>
    </ClCompile>
    <ClCompile Include="Memories\ColecoVisionROM.cpp">
      <Filter>Memories</Filter>
    </ClCompile>
    <ClCompile Include="Memories\PhoenixROM.cpp">
      <Filter>Memories</Filter>
    </ClCompile>
    <ClCompile Include="Memories\TI994A22GROM.cpp">
      <Filter>Memories</Filter>
    </ClCompile>
    <ClCompile Include="Memories\TI994AGROM.cpp">
      <Filter>Memories</Filter>
    </ClCompile>
    <ClCompile Include="Memories\TI994AROM.cpp">
      <Filter>Memories</Filter>
    </ClCompile>
    <ClCompile Include="Memories\TI994GROM.cpp">
      <Filter>Memories</Filter>
    </ClCompile>
    <ClCompile Include="Memories\TI994ROM.cpp">
      <Filter>Memories</Filter>
    </ClCompile>
    <ClCompile Include="EmulatorSupport\tv.cpp">
      <Filter>Emulator Support</Filter>
    </ClCompile>
    <ClCompile Include="CPUs\tms9900build.cpp">
      <Filter>CPUs</Filter>
    </ClCompile>
    <ClCompile Include="EmulatorSupport\interestingData.cpp">
      <Filter>Emulator Support</Filter>
    </ClCompile>
    <ClCompile Include="Memories\TI994ROMData.cpp">
      <Filter>Memories</Filter>
    </ClCompile>
    <ClCompile Include="Memories\Classic99GROM.cpp">
      <Filter>Memories</Filter>
    </ClCompile>
    <ClCompile Include="Memories\TI994GROMData.cpp">
      <Filter>Memories</Filter>
    </ClCompile>
    <ClCompile Include="Memories\TI994Scratchpad.cpp">
      <Filter>Memories</Filter>
    </ClCompile>
    <ClCompile Include="Keyboard\kb_994.cpp">
      <Filter>Keyboard</Filter>
    </ClCompile>
    <ClCompile Include="Keyboard\kb_994A.cpp">
      <Filter>Keyboard</Filter>
    </ClCompile>
    <ClCompile Include="Memories\TI994AGROMData.cpp">
      <Filter>Memories</Filter>
    </ClCompile>
    <ClCompile Include="Memories\TI994AROMData.cpp">
      <Filter>Memories</Filter>
    </ClCompile>
    <ClCompile Include="Memories\TI994A22GROMData.cpp">
      <Filter>Memories</Filter>
    </ClCompile>
    <ClCompile Include="Memories\Classic99ROM.cpp">
      <Filter>Memories</Filter>
    </ClCompile>
  </ItemGroup>
  <ItemGroup>
    <Text Include="License.txt" />
  </ItemGroup>
</Project>